
Microsoft Visual Studio Solution File, Format Version 12.00
# Visual Studio Version 17
VisualStudioVersion = 17.13.35913.81
MinimumVisualStudioVersion = 10.0.40219.1
Project("{FAE04EC0-301F-11D3-BF4B-00C04F79EFBC}") = "SuperHeroi.Infra", "Superhero.Infra\SuperHeroi.Infra.csproj", "{9BA762AF-30E5-4CBA-B48F-C6ADAAE30EFE}"
EndProject
Project("{FAE04EC0-301F-11D3-BF4B-00C04F79EFBC}") = "SuperHeroi.Application", "SuperHero.Application\SuperHeroi.Application.csproj", "{5C27C28B-4568-4923-9B80-06B84B1BDF2A}"
EndProject
Project("{FAE04EC0-301F-11D3-BF4B-00C04F79EFBC}") = "SuperHeroi.Domain", "Superhero.Domain\SuperHeroi.Domain.csproj", "{0301C7F1-932F-4D90-AD40-77E75A9244E2}"
EndProject
Project("{FAE04EC0-301F-11D3-BF4B-00C04F79EFBC}") = "SuperHeroi.API", "SuperoHero.API\SuperHeroi.API.csproj", "{B789BA32-FCEB-3AC7-44CC-D0BD5A5519C1}"
EndProject
Global
	GlobalSection(SolutionConfigurationPlatforms) = preSolution
		Debug|Any CPU = Debug|Any CPU
		Release|Any CPU = Release|Any CPU
	EndGlobalSection
	GlobalSection(ProjectConfigurationPlatforms) = postSolution
		{9BA762AF-30E5-4CBA-B48F-C6ADAAE30EFE}.Debug|Any CPU.ActiveCfg = Debug|Any CPU
		{9BA762AF-30E5-4CBA-B48F-C6ADAAE30EFE}.Debug|Any CPU.Build.0 = Debug|Any CPU
		{9BA762AF-30E5-4CBA-B48F-C6ADAAE30EFE}.Release|Any CPU.ActiveCfg = Release|Any CPU
		{9BA762AF-30E5-4CBA-B48F-C6ADAAE30EFE}.Release|Any CPU.Build.0 = Release|Any CPU
		{5C27C28B-4568-4923-9B80-06B84B1BDF2A}.Debug|Any CPU.ActiveCfg = Debug|Any CPU
		{5C27C28B-4568-4923-9B80-06B84B1BDF2A}.Debug|Any CPU.Build.0 = Debug|Any CPU
		{5C27C28B-4568-4923-9B80-06B84B1BDF2A}.Release|Any CPU.ActiveCfg = Release|Any CPU
		{5C27C28B-4568-4923-9B80-06B84B1BDF2A}.Release|Any CPU.Build.0 = Release|Any CPU
		{0301C7F1-932F-4D90-AD40-77E75A9244E2}.Debug|Any CPU.ActiveCfg = Debug|Any CPU
		{0301C7F1-932F-4D90-AD40-77E75A9244E2}.Debug|Any CPU.Build.0 = Debug|Any CPU
		{0301C7F1-932F-4D90-AD40-77E75A9244E2}.Release|Any CPU.ActiveCfg = Release|Any CPU
		{0301C7F1-932F-4D90-AD40-77E75A9244E2}.Release|Any CPU.Build.0 = Release|Any CPU
		{B789BA32-FCEB-3AC7-44CC-D0BD5A5519C1}.Debug|Any CPU.ActiveCfg = Debug|Any CPU
		{B789BA32-FCEB-3AC7-44CC-D0BD5A5519C1}.Debug|Any CPU.Build.0 = Debug|Any CPU
		{B789BA32-FCEB-3AC7-44CC-D0BD5A5519C1}.Release|Any CPU.ActiveCfg = Release|Any CPU
		{B789BA32-FCEB-3AC7-44CC-D0BD5A5519C1}.Release|Any CPU.Build.0 = Release|Any CPU
	EndGlobalSection
	GlobalSection(SolutionProperties) = preSolution
		HideSolutionNode = FALSE
	EndGlobalSection
	GlobalSection(ExtensibilityGlobals) = postSolution
		SolutionGuid = {101C69D6-61DB-483F-96EA-2E98838ACDF2}
	EndGlobalSection
EndGlobal
